
Microsoft Visual Studio Solution File, Format Version 12.00
# Visual Studio Version 16
VisualStudioVersion = 16.0.33423.256
MinimumVisualStudioVersion = 10.0.40219.1
Project("{8BC9CEB8-8B4A-11D0-8D11-00A0C91BC942}") = "SnakeGame", "SnakeGame\SnakeGame.vcxproj", "{7E55B9AE-2935-4783-AC2D-42B22650DD26}"
EndProject
Global
	GlobalSection(SolutionConfigurationPlatforms) = preSolution
		Debug|x86 = Debug|x86
		Release|x86 = Release|x86
	EndGlobalSection
	GlobalSection(ProjectConfigurationPlatforms) = postSolution
		{7E55B9AE-2935-4783-AC2D-42B22650DD26}.Debug|x86.ActiveCfg = Debug|Win32
		{7E55B9AE-2935-4783-AC2D-42B22650DD26}.Debug|x86.Build.0 = Debug|Win32
		{7E55B9AE-2935-4783-AC2D-42B22650DD26}.Release|x86.ActiveCfg = Release|Win32
		{7E55B9AE-2935-4783-AC2D-42B22650DD26}.Release|x86.Build.0 = Release|Win32
	EndGlobalSection
	GlobalSection(SolutionProperties) = preSolution
		HideSolutionNode = FALSE
	EndGlobalSection
	GlobalSection(ExtensibilityGlobals) = postSolution
		SolutionGuid = {7C68DF45-21CD-4A67-9ED8-2F91046F7EBA}
	EndGlobalSection
EndGlobal
